
Microsoft Visual Studio Solution File, Format Version 12.00
# Visual Studio 15
VisualStudioVersion = 15.0.26403.7
MinimumVisualStudioVersion = 10.0.40219.1
Project("{FAE04EC0-301F-11D3-BF4B-00C04F79EFBC}") = "IntroductionToArrays", "IntroductionToArrays\IntroductionToArrays.csproj", "{AA9A3072-7623-421A-A174-2CE41C8A6EAD}"
EndProject
Global
	GlobalSection(SolutionConfigurationPlatforms) = preSolution
		Debug|Any CPU = Debug|Any CPU
		Release|Any CPU = Release|Any CPU
	EndGlobalSection
	GlobalSection(ProjectConfigurationPlatforms) = postSolution
		{AA9A3072-7623-421A-A174-2CE41C8A6EAD}.Debug|Any CPU.ActiveCfg = Debug|Any CPU
		{AA9A3072-7623-421A-A174-2CE41C8A6EAD}.Debug|Any CPU.Build.0 = Debug|Any CPU
		{AA9A3072-7623-421A-A174-2CE41C8A6EAD}.Release|Any CPU.ActiveCfg = Release|Any CPU
		{AA9A3072-7623-421A-A174-2CE41C8A6EAD}.Release|Any CPU.Build.0 = Release|Any CPU
	EndGlobalSection
	GlobalSection(SolutionProperties) = preSolution
		HideSolutionNode = FALSE
	EndGlobalSection
EndGlobal
